
Microsoft Visual Studio Solution File, Format Version 12.00
# Visual Studio Version 17
VisualStudioVersion = 17.5.33627.172
MinimumVisualStudioVersion = 10.0.40219.1
Project("{9A19103F-16F7-4668-BE54-9A1E7A4F7556}") = "01_Single-Responsibility", "01_Single-Responsibility\01_Single-Responsibility.csproj", "{458FD1F4-73A5-42EA-99FC-27159B15358E}"
EndProject
Project("{9A19103F-16F7-4668-BE54-9A1E7A4F7556}") = "02_Open-Closed", "02_Open-Closed\02_Open-Closed.csproj", "{083B25E2-7FDD-4D99-872F-1C58028624EE}"
EndProject
Project("{9A19103F-16F7-4668-BE54-9A1E7A4F7556}") = "03_Liskov-Substitution", "03_Liskov-Substitution\03_Liskov-Substitution.csproj", "{A8546731-BA00-4F99-BC4F-5FC467EB4362}"
EndProject
Project("{9A19103F-16F7-4668-BE54-9A1E7A4F7556}") = "04_Interface_Segregation", "04_Interface-Segregation\04_Interface_Segregation.csproj", "{531FB699-E924-4DB4-9E16-E5B6D7F48293}"
EndProject
Project("{9A19103F-16F7-4668-BE54-9A1E7A4F7556}") = "05_Dependency-Inversion", "05_Dependency-Inversion\05_Dependency-Inversion.csproj", "{E0B7324A-417D-4D0F-9399-5AD0CA429F3B}"
EndProject
Global
	GlobalSection(SolutionConfigurationPlatforms) = preSolution
		Debug|Any CPU = Debug|Any CPU
		Release|Any CPU = Release|Any CPU
	EndGlobalSection
	GlobalSection(ProjectConfigurationPlatforms) = postSolution
		{458FD1F4-73A5-42EA-99FC-27159B15358E}.Debug|Any CPU.ActiveCfg = Debug|Any CPU
		{458FD1F4-73A5-42EA-99FC-27159B15358E}.Debug|Any CPU.Build.0 = Debug|Any CPU
		{458FD1F4-73A5-42EA-99FC-27159B15358E}.Release|Any CPU.ActiveCfg = Release|Any CPU
		{458FD1F4-73A5-42EA-99FC-27159B15358E}.Release|Any CPU.Build.0 = Release|Any CPU
		{083B25E2-7FDD-4D99-872F-1C58028624EE}.Debug|Any CPU.ActiveCfg = Debug|Any CPU
		{083B25E2-7FDD-4D99-872F-1C58028624EE}.Debug|Any CPU.Build.0 = Debug|Any CPU
		{083B25E2-7FDD-4D99-872F-1C58028624EE}.Release|Any CPU.ActiveCfg = Release|Any CPU
		{083B25E2-7FDD-4D99-872F-1C58028624EE}.Release|Any CPU.Build.0 = Release|Any CPU
		{A8546731-BA00-4F99-BC4F-5FC467EB4362}.Debug|Any CPU.ActiveCfg = Debug|Any CPU
		{A8546731-BA00-4F99-BC4F-5FC467EB4362}.Debug|Any CPU.Build.0 = Debug|Any CPU
		{A8546731-BA00-4F99-BC4F-5FC467EB4362}.Release|Any CPU.ActiveCfg = Release|Any CPU
		{A8546731-BA00-4F99-BC4F-5FC467EB4362}.Release|Any CPU.Build.0 = Release|Any CPU
		{531FB699-E924-4DB4-9E16-E5B6D7F48293}.Debug|Any CPU.ActiveCfg = Debug|Any CPU
		{531FB699-E924-4DB4-9E16-E5B6D7F48293}.Debug|Any CPU.Build.0 = Debug|Any CPU
		{531FB699-E924-4DB4-9E16-E5B6D7F48293}.Release|Any CPU.ActiveCfg = Release|Any CPU
		{531FB699-E924-4DB4-9E16-E5B6D7F48293}.Release|Any CPU.Build.0 = Release|Any CPU
		{E0B7324A-417D-4D0F-9399-5AD0CA429F3B}.Debug|Any CPU.ActiveCfg = Debug|Any CPU
		{E0B7324A-417D-4D0F-9399-5AD0CA429F3B}.Debug|Any CPU.Build.0 = Debug|Any CPU
		{E0B7324A-417D-4D0F-9399-5AD0CA429F3B}.Release|Any CPU.ActiveCfg = Release|Any CPU
		{E0B7324A-417D-4D0F-9399-5AD0CA429F3B}.Release|Any CPU.Build.0 = Release|Any CPU
	EndGlobalSection
	GlobalSection(SolutionProperties) = preSolution
		HideSolutionNode = FALSE
	EndGlobalSection
	GlobalSection(ExtensibilityGlobals) = postSolution
		SolutionGuid = {E54BF46B-5F42-44E1-B013-B757D0724EF0}
	EndGlobalSection
EndGlobal
